
Microsoft Visual Studio Solution File, Format Version 12.00
# Visual Studio 15
VisualStudioVersion = 15.0.28307.572
MinimumVisualStudioVersion = 10.0.40219.1
Project("{FAE04EC0-301F-11D3-BF4B-00C04F79EFBC}") = "Swap.Android", "Swap\Swap.Android\Swap.Android.csproj", "{469EF012-06CC-4451-A14F-AB5291E2BFA7}"
EndProject
Project("{FAE04EC0-301F-11D3-BF4B-00C04F79EFBC}") = "Swap.iOS", "Swap\Swap.iOS\Swap.iOS.csproj", "{272588FD-6DE0-4EF6-B639-F44C77DE438E}"
EndProject
Project("{9A19103F-16F7-4668-BE54-9A1E7A4F7556}") = "Swap", "Swap\Swap\Swap.csproj", "{28D62439-6769-4C4E-980E-F1C56B250A4D}"
EndProject
Global
	GlobalSection(SolutionConfigurationPlatforms) = preSolution
		Ad-Hoc|Any CPU = Ad-Hoc|Any CPU
		Ad-Hoc|ARM = Ad-Hoc|ARM
		Ad-Hoc|iPhone = Ad-Hoc|iPhone
		Ad-Hoc|iPhoneSimulator = Ad-Hoc|iPhoneSimulator
		Ad-Hoc|x64 = Ad-Hoc|x64
		Ad-Hoc|x86 = Ad-Hoc|x86
		AppStore|Any CPU = AppStore|Any CPU
		AppStore|ARM = AppStore|ARM
		AppStore|iPhone = AppStore|iPhone
		AppStore|iPhoneSimulator = AppStore|iPhoneSimulator
		AppStore|x64 = AppStore|x64
		AppStore|x86 = AppStore|x86
		Debug|Any CPU = Debug|Any CPU
		Debug|ARM = Debug|ARM
		Debug|iPhone = Debug|iPhone
		Debug|iPhoneSimulator = Debug|iPhoneSimulator
		Debug|x64 = Debug|x64
		Debug|x86 = Debug|x86
		Release|Any CPU = Release|Any CPU
		Release|ARM = Release|ARM
		Release|iPhone = Release|iPhone
		Release|iPhoneSimulator = Release|iPhoneSimulator
		Release|x64 = Release|x64
		Release|x86 = Release|x86
	EndGlobalSection
	GlobalSection(ProjectConfigurationPlatforms) = postSolution
		{469EF012-06CC-4451-A14F-AB5291E2BFA7}.Ad-Hoc|Any CPU.ActiveCfg = Release|Any CPU
		{469EF012-06CC-4451-A14F-AB5291E2BFA7}.Ad-Hoc|Any CPU.Build.0 = Release|Any CPU
		{469EF012-06CC-4451-A14F-AB5291E2BFA7}.Ad-Hoc|Any CPU.Deploy.0 = Release|Any CPU
		{469EF012-06CC-4451-A14F-AB5291E2BFA7}.Ad-Hoc|ARM.ActiveCfg = Release|Any CPU
		{469EF012-06CC-4451-A14F-AB5291E2BFA7}.Ad-Hoc|ARM.Build.0 = Release|Any CPU
		{469EF012-06CC-4451-A14F-AB5291E2BFA7}.Ad-Hoc|ARM.Deploy.0 = Release|Any CPU
		{469EF012-06CC-4451-A14F-AB5291E2BFA7}.Ad-Hoc|iPhone.ActiveCfg = Release|Any CPU
		{469EF012-06CC-4451-A14F-AB5291E2BFA7}.Ad-Hoc|iPhone.Build.0 = Release|Any CPU
		{469EF012-06CC-4451-A14F-AB5291E2BFA7}.Ad-Hoc|iPhone.Deploy.0 = Release|Any CPU
		{469EF012-06CC-4451-A14F-AB5291E2BFA7}.Ad-Hoc|iPhoneSimulator.ActiveCfg = Release|Any CPU
		{469EF012-06CC-4451-A14F-AB5291E2BFA7}.Ad-Hoc|iPhoneSimulator.Build.0 = Release|Any CPU
		{469EF012-06CC-4451-A14F-AB5291E2BFA7}.Ad-Hoc|iPhoneSimulator.Deploy.0 = Release|Any CPU
		{469EF012-06CC-4451-A14F-AB5291E2BFA7}.Ad-Hoc|x64.ActiveCfg = Release|Any CPU
		{469EF012-06CC-4451-A14F-AB5291E2BFA7}.Ad-Hoc|x64.Build.0 = Release|Any CPU
		{469EF012-06CC-4451-A14F-AB5291E2BFA7}.Ad-Hoc|x64.Deploy.0 = Release|Any CPU
		{469EF012-06CC-4451-A14F-AB5291E2BFA7}.Ad-Hoc|x86.ActiveCfg = Release|Any CPU
		{469EF012-06CC-4451-A14F-AB5291E2BFA7}.Ad-Hoc|x86.Build.0 = Release|Any CPU
		{469EF012-06CC-4451-A14F-AB5291E2BFA7}.Ad-Hoc|x86.Deploy.0 = Release|Any CPU
		{469EF012-06CC-4451-A14F-AB5291E2BFA7}.AppStore|Any CPU.ActiveCfg = Release|Any CPU
		{469EF012-06CC-4451-A14F-AB5291E2BFA7}.AppStore|Any CPU.Build.0 = Release|Any CPU
		{469EF012-06CC-4451-A14F-AB5291E2BFA7}.AppStore|Any CPU.Deploy.0 = Release|Any CPU
		{469EF012-06CC-4451-A14F-AB5291E2BFA7}.AppStore|ARM.ActiveCfg = Release|Any CPU
		{469EF012-06CC-4451-A14F-AB5291E2BFA7}.AppStore|ARM.Build.0 = Release|Any CPU
		{469EF012-06CC-4451-A14F-AB5291E2BFA7}.AppStore|ARM.Deploy.0 = Release|Any CPU
		{469EF012-06CC-4451-A14F-AB5291E2BFA7}.AppStore|iPhone.ActiveCfg = Release|Any CPU
		{469EF012-06CC-4451-A14F-AB5291E2BFA7}.AppStore|iPhone.Build.0 = Release|Any CPU
		{469EF012-06CC-4451-A14F-AB5291E2BFA7}.AppStore|iPhone.Deploy.0 = Release|Any CPU
		{469EF012-06CC-4451-A14F-AB5291E2BFA7}.AppStore|iPhoneSimulator.ActiveCfg = Release|Any CPU
		{469EF012-06CC-4451-A14F-AB5291E2BFA7}.AppStore|iPhoneSimulator.Build.0 = Release|Any CPU
		{469EF012-06CC-4451-A14F-AB5291E2BFA7}.AppStore|iPhoneSimulator.Deploy.0 = Release|Any CPU
		{469EF012-06CC-4451-A14F-AB5291E2BFA7}.AppStore|x64.ActiveCfg = Release|Any CPU
		{469EF012-06CC-4451-A14F-AB5291E2BFA7}.AppStore|x64.Build.0 = Release|Any CPU
		{469EF012-06CC-4451-A14F-AB5291E2BFA7}.AppStore|x64.Deploy.0 = Release|Any CPU
		{469EF012-06CC-4451-A14F-AB5291E2BFA7}.AppStore|x86.ActiveCfg = Release|Any CPU
		{469EF012-06CC-4451-A14F-AB5291E2BFA7}.AppStore|x86.Build.0 = Release|Any CPU
		{469EF012-06CC-4451-A14F-AB5291E2BFA7}.AppStore|x86.Deploy.0 = Release|Any CPU
		{469EF012-06CC-4451-A14F-AB5291E2BFA7}.Debug|Any CPU.ActiveCfg = Debug|Any CPU
		{469EF012-06CC-4451-A14F-AB5291E2BFA7}.Debug|Any CPU.Build.0 = Debug|Any CPU
		{469EF012-06CC-4451-A14F-AB5291E2BFA7}.Debug|Any CPU.Deploy.0 = Debug|Any CPU
		{469EF012-06CC-4451-A14F-AB5291E2BFA7}.Debug|ARM.ActiveCfg = Debug|Any CPU
		{469EF012-06CC-4451-A14F-AB5291E2BFA7}.Debug|ARM.Build.0 = Debug|Any CPU
		{469EF012-06CC-4451-A14F-AB5291E2BFA7}.Debug|ARM.Deploy.0 = Debug|Any CPU
		{469EF012-06CC-4451-A14F-AB5291E2BFA7}.Debug|iPhone.ActiveCfg = Debug|Any CPU
		{469EF012-06CC-4451-A14F-AB5291E2BFA7}.Debug|iPhone.Build.0 = Debug|Any CPU
		{469EF012-06CC-4451-A14F-AB5291E2BFA7}.Debug|iPhone.Deploy.0 = Debug|Any CPU
		{469EF012-06CC-4451-A14F-AB5291E2BFA7}.Debug|iPhoneSimulator.ActiveCfg = Debug|Any CPU
		{469EF012-06CC-4451-A14F-AB5291E2BFA7}.Debug|iPhoneSimulator.Build.0 = Debug|Any CPU
		{469EF012-06CC-4451-A14F-AB5291E2BFA7}.Debug|iPhoneSimulator.Deploy.0 = Debug|Any CPU
		{469EF012-06CC-4451-A14F-AB5291E2BFA7}.Debug|x64.ActiveCfg = Debug|Any CPU
		{469EF012-06CC-4451-A14F-AB5291E2BFA7}.Debug|x64.Build.0 = Debug|Any CPU
		{469EF012-06CC-4451-A14F-AB5291E2BFA7}.Debug|x64.Deploy.0 = Debug|Any CPU
		{469EF012-06CC-4451-A14F-AB5291E2BFA7}.Debug|x86.ActiveCfg = Debug|Any CPU
		{469EF012-06CC-4451-A14F-AB5291E2BFA7}.Debug|x86.Build.0 = Debug|Any CPU
		{469EF012-06CC-4451-A14F-AB5291E2BFA7}.Debug|x86.Deploy.0 = Debug|Any CPU
		{469EF012-06CC-4451-A14F-AB5291E2BFA7}.Release|Any CPU.ActiveCfg = Release|Any CPU
		{469EF012-06CC-4451-A14F-AB5291E2BFA7}.Release|Any CPU.Build.0 = Release|Any CPU
		{469EF012-06CC-4451-A14F-AB5291E2BFA7}.Release|Any CPU.Deploy.0 = Release|Any CPU
		{469EF012-06CC-4451-A14F-AB5291E2BFA7}.Release|ARM.ActiveCfg = Release|Any CPU
		{469EF012-06CC-4451-A14F-AB5291E2BFA7}.Release|ARM.Build.0 = Release|Any CPU
		{469EF012-06CC-4451-A14F-AB5291E2BFA7}.Release|ARM.Deploy.0 = Release|Any CPU
		{469EF012-06CC-4451-A14F-AB5291E2BFA7}.Release|iPhone.ActiveCfg = Release|Any CPU
		{469EF012-06CC-4451-A14F-AB5291E2BFA7}.Release|iPhone.Build.0 = Release|Any CPU
		{469EF012-06CC-4451-A14F-AB5291E2BFA7}.Release|iPhone.Deploy.0 = Release|Any CPU
		{469EF012-06CC-4451-A14F-AB5291E2BFA7}.Release|iPhoneSimulator.ActiveCfg = Release|Any CPU
		{469EF012-06CC-4451-A14F-AB5291E2BFA7}.Release|iPhoneSimulator.Build.0 = Release|Any CPU
		{469EF012-06CC-4451-A14F-AB5291E2BFA7}.Release|iPhoneSimulator.Deploy.0 = Release|Any CPU
		{469EF012-06CC-4451-A14F-AB5291E2BFA7}.Release|x64.ActiveCfg = Release|Any CPU
		{469EF012-06CC-4451-A14F-AB5291E2BFA7}.Release|x64.Build.0 = Release|Any CPU
		{469EF012-06CC-4451-A14F-AB5291E2BFA7}.Release|x64.Deploy.0 = Release|Any CPU
		{469EF012-06CC-4451-A14F-AB5291E2BFA7}.Release|x86.ActiveCfg = Release|Any CPU
		{469EF012-06CC-4451-A14F-AB5291E2BFA7}.Release|x86.Build.0 = Release|Any CPU
		{469EF012-06CC-4451-A14F-AB5291E2BFA7}.Release|x86.Deploy.0 = Release|Any CPU
		{272588FD-6DE0-4EF6-B639-F44C77DE438E}.Ad-Hoc|Any CPU.ActiveCfg = Ad-Hoc|iPhone
		{272588FD-6DE0-4EF6-B639-F44C77DE438E}.Ad-Hoc|Any CPU.Build.0 = Ad-Hoc|iPhone
		{272588FD-6DE0-4EF6-B639-F44C77DE438E}.Ad-Hoc|Any CPU.Deploy.0 = Ad-Hoc|iPhone
		{272588FD-6DE0-4EF6-B639-F44C77DE438E}.Ad-Hoc|ARM.ActiveCfg = Ad-Hoc|iPhone
		{272588FD-6DE0-4EF6-B639-F44C77DE438E}.Ad-Hoc|ARM.Build.0 = Ad-Hoc|iPhone
		{272588FD-6DE0-4EF6-B639-F44C77DE438E}.Ad-Hoc|ARM.Deploy.0 = Ad-Hoc|iPhone
		{272588FD-6DE0-4EF6-B639-F44C77DE438E}.Ad-Hoc|iPhone.ActiveCfg = Ad-Hoc|iPhone
		{272588FD-6DE0-4EF6-B639-F44C77DE438E}.Ad-Hoc|iPhone.Build.0 = Ad-Hoc|iPhone
		{272588FD-6DE0-4EF6-B639-F44C77DE438E}.Ad-Hoc|iPhone.Deploy.0 = Ad-Hoc|iPhone
		{272588FD-6DE0-4EF6-B639-F44C77DE438E}.Ad-Hoc|iPhoneSimulator.ActiveCfg = Ad-Hoc|iPhoneSimulator
		{272588FD-6DE0-4EF6-B639-F44C77DE438E}.Ad-Hoc|iPhoneSimulator.Build.0 = Ad-Hoc|iPhoneSimulator
		{272588FD-6DE0-4EF6-B639-F44C77DE438E}.Ad-Hoc|iPhoneSimulator.Deploy.0 = Ad-Hoc|iPhoneSimulator
		{272588FD-6DE0-4EF6-B639-F44C77DE438E}.Ad-Hoc|x64.ActiveCfg = Ad-Hoc|iPhone
		{272588FD-6DE0-4EF6-B639-F44C77DE438E}.Ad-Hoc|x64.Build.0 = Ad-Hoc|iPhone
		{272588FD-6DE0-4EF6-B639-F44C77DE438E}.Ad-Hoc|x64.Deploy.0 = Ad-Hoc|iPhone
		{272588FD-6DE0-4EF6-B639-F44C77DE438E}.Ad-Hoc|x86.ActiveCfg = Ad-Hoc|iPhone
		{272588FD-6DE0-4EF6-B639-F44C77DE438E}.Ad-Hoc|x86.Build.0 = Ad-Hoc|iPhone
		{272588FD-6DE0-4EF6-B639-F44C77DE438E}.Ad-Hoc|x86.Deploy.0 = Ad-Hoc|iPhone
		{272588FD-6DE0-4EF6-B639-F44C77DE438E}.AppStore|Any CPU.ActiveCfg = AppStore|iPhone
		{272588FD-6DE0-4EF6-B639-F44C77DE438E}.AppStore|Any CPU.Build.0 = AppStore|iPhone
		{272588FD-6DE0-4EF6-B639-F44C77DE438E}.AppStore|Any CPU.Deploy.0 = AppStore|iPhone
		{272588FD-6DE0-4EF6-B639-F44C77DE438E}.AppStore|ARM.ActiveCfg = AppStore|iPhone
		{272588FD-6DE0-4EF6-B639-F44C77DE438E}.AppStore|ARM.Build.0 = AppStore|iPhone
		{272588FD-6DE0-4EF6-B639-F44C77DE438E}.AppStore|ARM.Deploy.0 = AppStore|iPhone
		{272588FD-6DE0-4EF6-B639-F44C77DE438E}.AppStore|iPhone.ActiveCfg = AppStore|iPhone
		{272588FD-6DE0-4EF6-B639-F44C77DE438E}.AppStore|iPhone.Build.0 = AppStore|iPhone
		{272588FD-6DE0-4EF6-B639-F44C77DE438E}.AppStore|iPhone.Deploy.0 = AppStore|iPhone
		{272588FD-6DE0-4EF6-B639-F44C77DE438E}.AppStore|iPhoneSimulator.ActiveCfg = AppStore|iPhoneSimulator
		{272588FD-6DE0-4EF6-B639-F44C77DE438E}.AppStore|iPhoneSimulator.Build.0 = AppStore|iPhoneSimulator
		{272588FD-6DE0-4EF6-B639-F44C77DE438E}.AppStore|iPhoneSimulator.Deploy.0 = AppStore|iPhoneSimulator
		{272588FD-6DE0-4EF6-B639-F44C77DE438E}.AppStore|x64.ActiveCfg = AppStore|iPhone
		{272588FD-6DE0-4EF6-B639-F44C77DE438E}.AppStore|x64.Build.0 = AppStore|iPhone
		{272588FD-6DE0-4EF6-B639-F44C77DE438E}.AppStore|x64.Deploy.0 = AppStore|iPhone
		{272588FD-6DE0-4EF6-B639-F44C77DE438E}.AppStore|x86.ActiveCfg = AppStore|iPhone
		{272588FD-6DE0-4EF6-B639-F44C77DE438E}.AppStore|x86.Build.0 = AppStore|iPhone
		{272588FD-6DE0-4EF6-B639-F44C77DE438E}.AppStore|x86.Deploy.0 = AppStore|iPhone
		{272588FD-6DE0-4EF6-B639-F44C77DE438E}.Debug|Any CPU.ActiveCfg = Debug|iPhoneSimulator
		{272588FD-6DE0-4EF6-B639-F44C77DE438E}.Debug|Any CPU.Deploy.0 = Debug|iPhoneSimulator
		{272588FD-6DE0-4EF6-B639-F44C77DE438E}.Debug|ARM.ActiveCfg = Debug|iPhone
		{272588FD-6DE0-4EF6-B639-F44C77DE438E}.Debug|ARM.Build.0 = Debug|iPhone
		{272588FD-6DE0-4EF6-B639-F44C77DE438E}.Debug|ARM.Deploy.0 = Debug|iPhone
		{272588FD-6DE0-4EF6-B639-F44C77DE438E}.Debug|iPhone.ActiveCfg = Debug|iPhone
		{272588FD-6DE0-4EF6-B639-F44C77DE438E}.Debug|iPhone.Build.0 = Debug|iPhone
		{272588FD-6DE0-4EF6-B639-F44C77DE438E}.Debug|iPhone.Deploy.0 = Debug|iPhone
		{272588FD-6DE0-4EF6-B639-F44C77DE438E}.Debug|iPhoneSimulator.ActiveCfg = Debug|iPhoneSimulator
		{272588FD-6DE0-4EF6-B639-F44C77DE438E}.Debug|iPhoneSimulator.Build.0 = Debug|iPhoneSimulator
		{272588FD-6DE0-4EF6-B639-F44C77DE438E}.Debug|iPhoneSimulator.Deploy.0 = Debug|iPhoneSimulator
		{272588FD-6DE0-4EF6-B639-F44C77DE438E}.Debug|x64.ActiveCfg = Debug|iPhone
		{272588FD-6DE0-4EF6-B639-F44C77DE438E}.Debug|x64.Build.0 = Debug|iPhone
		{272588FD-6DE0-4EF6-B639-F44C77DE438E}.Debug|x64.Deploy.0 = Debug|iPhone
		{272588FD-6DE0-4EF6-B639-F44C77DE438E}.Debug|x86.ActiveCfg = Debug|iPhone
		{272588FD-6DE0-4EF6-B639-F44C77DE438E}.Debug|x86.Build.0 = Debug|iPhone
		{272588FD-6DE0-4EF6-B639-F44C77DE438E}.Debug|x86.Deploy.0 = Debug|iPhone
		{272588FD-6DE0-4EF6-B639-F44C77DE438E}.Release|Any CPU.ActiveCfg = Release|iPhone
		{272588FD-6DE0-4EF6-B639-F44C77DE438E}.Release|Any CPU.Build.0 = Release|iPhone
		{272588FD-6DE0-4EF6-B639-F44C77DE438E}.Release|Any CPU.Deploy.0 = Release|iPhone
		{272588FD-6DE0-4EF6-B639-F44C77DE438E}.Release|ARM.ActiveCfg = Release|iPhone
		{272588FD-6DE0-4EF6-B639-F44C77DE438E}.Release|ARM.Build.0 = Release|iPhone
		{272588FD-6DE0-4EF6-B639-F44C77DE438E}.Release|ARM.Deploy.0 = Release|iPhone
		{272588FD-6DE0-4EF6-B639-F44C77DE438E}.Release|iPhone.ActiveCfg = Release|iPhone
		{272588FD-6DE0-4EF6-B639-F44C77DE438E}.Release|iPhone.Build.0 = Release|iPhone
		{272588FD-6DE0-4EF6-B639-F44C77DE438E}.Release|iPhone.Deploy.0 = Release|iPhone
		{272588FD-6DE0-4EF6-B639-F44C77DE438E}.Release|iPhoneSimulator.ActiveCfg = Release|iPhoneSimulator
		{272588FD-6DE0-4EF6-B639-F44C77DE438E}.Release|iPhoneSimulator.Build.0 = Release|iPhoneSimulator
		{272588FD-6DE0-4EF6-B639-F44C77DE438E}.Release|iPhoneSimulator.Deploy.0 = Release|iPhoneSimulator
		{272588FD-6DE0-4EF6-B639-F44C77DE438E}.Release|x64.ActiveCfg = Release|iPhone
		{272588FD-6DE0-4EF6-B639-F44C77DE438E}.Release|x64.Build.0 = Release|iPhone
		{272588FD-6DE0-4EF6-B639-F44C77DE438E}.Release|x64.Deploy.0 = Release|iPhone
		{272588FD-6DE0-4EF6-B639-F44C77DE438E}.Release|x86.ActiveCfg = Release|iPhone
		{272588FD-6DE0-4EF6-B639-F44C77DE438E}.Release|x86.Build.0 = Release|iPhone
		{272588FD-6DE0-4EF6-B639-F44C77DE438E}.Release|x86.Deploy.0 = Release|iPhone
		{28D62439-6769-4C4E-980E-F1C56B250A4D}.Ad-Hoc|Any CPU.ActiveCfg = Debug|Any CPU
		{28D62439-6769-4C4E-980E-F1C56B250A4D}.Ad-Hoc|Any CPU.Build.0 = Debug|Any CPU
		{28D62439-6769-4C4E-980E-F1C56B250A4D}.Ad-Hoc|Any CPU.Deploy.0 = Debug|Any CPU
		{28D62439-6769-4C4E-980E-F1C56B250A4D}.Ad-Hoc|ARM.ActiveCfg = Debug|Any CPU
		{28D62439-6769-4C4E-980E-F1C56B250A4D}.Ad-Hoc|ARM.Build.0 = Debug|Any CPU
		{28D62439-6769-4C4E-980E-F1C56B250A4D}.Ad-Hoc|ARM.Deploy.0 = Debug|Any CPU
		{28D62439-6769-4C4E-980E-F1C56B250A4D}.Ad-Hoc|iPhone.ActiveCfg = Debug|Any CPU
		{28D62439-6769-4C4E-980E-F1C56B250A4D}.Ad-Hoc|iPhone.Build.0 = Debug|Any CPU
		{28D62439-6769-4C4E-980E-F1C56B250A4D}.Ad-Hoc|iPhone.Deploy.0 = Debug|Any CPU
		{28D62439-6769-4C4E-980E-F1C56B250A4D}.Ad-Hoc|iPhoneSimulator.ActiveCfg = Debug|Any CPU
		{28D62439-6769-4C4E-980E-F1C56B250A4D}.Ad-Hoc|iPhoneSimulator.Build.0 = Debug|Any CPU
		{28D62439-6769-4C4E-980E-F1C56B250A4D}.Ad-Hoc|iPhoneSimulator.Deploy.0 = Debug|Any CPU
		{28D62439-6769-4C4E-980E-F1C56B250A4D}.Ad-Hoc|x64.ActiveCfg = Debug|Any CPU
		{28D62439-6769-4C4E-980E-F1C56B250A4D}.Ad-Hoc|x64.Build.0 = Debug|Any CPU
		{28D62439-6769-4C4E-980E-F1C56B250A4D}.Ad-Hoc|x64.Deploy.0 = Debug|Any CPU
		{28D62439-6769-4C4E-980E-F1C56B250A4D}.Ad-Hoc|x86.ActiveCfg = Debug|Any CPU
		{28D62439-6769-4C4E-980E-F1C56B250A4D}.Ad-Hoc|x86.Build.0 = Debug|Any CPU
		{28D62439-6769-4C4E-980E-F1C56B250A4D}.Ad-Hoc|x86.Deploy.0 = Debug|Any CPU
		{28D62439-6769-4C4E-980E-F1C56B250A4D}.AppStore|Any CPU.ActiveCfg = Debug|Any CPU
		{28D62439-6769-4C4E-980E-F1C56B250A4D}.AppStore|Any CPU.Build.0 = Debug|Any CPU
		{28D62439-6769-4C4E-980E-F1C56B250A4D}.AppStore|Any CPU.Deploy.0 = Debug|Any CPU
		{28D62439-6769-4C4E-980E-F1C56B250A4D}.AppStore|ARM.ActiveCfg = Debug|Any CPU
		{28D62439-6769-4C4E-980E-F1C56B250A4D}.AppStore|ARM.Build.0 = Debug|Any CPU
		{28D62439-6769-4C4E-980E-F1C56B250A4D}.AppStore|ARM.Deploy.0 = Debug|Any CPU
		{28D62439-6769-4C4E-980E-F1C56B250A4D}.AppStore|iPhone.ActiveCfg = Debug|Any CPU
		{28D62439-6769-4C4E-980E-F1C56B250A4D}.AppStore|iPhone.Build.0 = Debug|Any CPU
		{28D62439-6769-4C4E-980E-F1C56B250A4D}.AppStore|iPhone.Deploy.0 = Debug|Any CPU
		{28D62439-6769-4C4E-980E-F1C56B250A4D}.AppStore|iPhoneSimulator.ActiveCfg = Debug|Any CPU
		{28D62439-6769-4C4E-980E-F1C56B250A4D}.AppStore|iPhoneSimulator.Build.0 = Debug|Any CPU
		{28D62439-6769-4C4E-980E-F1C56B250A4D}.AppStore|iPhoneSimulator.Deploy.0 = Debug|Any CPU
		{28D62439-6769-4C4E-980E-F1C56B250A4D}.AppStore|x64.ActiveCfg = Debug|Any CPU
		{28D62439-6769-4C4E-980E-F1C56B250A4D}.AppStore|x64.Build.0 = Debug|Any CPU
		{28D62439-6769-4C4E-980E-F1C56B250A4D}.AppStore|x64.Deploy.0 = Debug|Any CPU
		{28D62439-6769-4C4E-980E-F1C56B250A4D}.AppStore|x86.ActiveCfg = Debug|Any CPU
		{28D62439-6769-4C4E-980E-F1C56B250A4D}.AppStore|x86.Build.0 = Debug|Any CPU
		{28D62439-6769-4C4E-980E-F1C56B250A4D}.AppStore|x86.Deploy.0 = Debug|Any CPU
		{28D62439-6769-4C4E-980E-F1C56B250A4D}.Debug|Any CPU.ActiveCfg = Debug|Any CPU
		{28D62439-6769-4C4E-980E-F1C56B250A4D}.Debug|Any CPU.Build.0 = Debug|Any CPU
		{28D62439-6769-4C4E-980E-F1C56B250A4D}.Debug|Any CPU.Deploy.0 = Debug|Any CPU
		{28D62439-6769-4C4E-980E-F1C56B250A4D}.Debug|ARM.ActiveCfg = Debug|Any CPU
		{28D62439-6769-4C4E-980E-F1C56B250A4D}.Debug|ARM.Build.0 = Debug|Any CPU
		{28D62439-6769-4C4E-980E-F1C56B250A4D}.Debug|ARM.Deploy.0 = Debug|Any CPU
		{28D62439-6769-4C4E-980E-F1C56B250A4D}.Debug|iPhone.ActiveCfg = Debug|Any CPU
		{28D62439-6769-4C4E-980E-F1C56B250A4D}.Debug|iPhone.Build.0 = Debug|Any CPU
		{28D62439-6769-4C4E-980E-F1C56B250A4D}.Debug|iPhone.Deploy.0 = Debug|Any CPU
		{28D62439-6769-4C4E-980E-F1C56B250A4D}.Debug|iPhoneSimulator.ActiveCfg = Debug|Any CPU
		{28D62439-6769-4C4E-980E-F1C56B250A4D}.Debug|iPhoneSimulator.Build.0 = Debug|Any CPU
		{28D62439-6769-4C4E-980E-F1C56B250A4D}.Debug|iPhoneSimulator.Deploy.0 = Debug|Any CPU
		{28D62439-6769-4C4E-980E-F1C56B250A4D}.Debug|x64.ActiveCfg = Debug|Any CPU
		{28D62439-6769-4C4E-980E-F1C56B250A4D}.Debug|x64.Build.0 = Debug|Any CPU
		{28D62439-6769-4C4E-980E-F1C56B250A4D}.Debug|x64.Deploy.0 = Debug|Any CPU
		{28D62439-6769-4C4E-980E-F1C56B250A4D}.Debug|x86.ActiveCfg = Debug|Any CPU
		{28D62439-6769-4C4E-980E-F1C56B250A4D}.Debug|x86.Build.0 = Debug|Any CPU
		{28D62439-6769-4C4E-980E-F1C56B250A4D}.Debug|x86.Deploy.0 = Debug|Any CPU
		{28D62439-6769-4C4E-980E-F1C56B250A4D}.Release|Any CPU.ActiveCfg = Release|Any CPU
		{28D62439-6769-4C4E-980E-F1C56B250A4D}.Release|Any CPU.Build.0 = Release|Any CPU
		{28D62439-6769-4C4E-980E-F1C56B250A4D}.Release|Any CPU.Deploy.0 = Release|Any CPU
		{28D62439-6769-4C4E-980E-F1C56B250A4D}.Release|ARM.ActiveCfg = Release|Any CPU
		{28D62439-6769-4C4E-980E-F1C56B250A4D}.Release|ARM.Build.0 = Release|Any CPU
		{28D62439-6769-4C4E-980E-F1C56B250A4D}.Release|ARM.Deploy.0 = Release|Any CPU
		{28D62439-6769-4C4E-980E-F1C56B250A4D}.Release|iPhone.ActiveCfg = Release|Any CPU
		{28D62439-6769-4C4E-980E-F1C56B250A4D}.Release|iPhone.Build.0 = Release|Any CPU
		{28D62439-6769-4C4E-980E-F1C56B250A4D}.Release|iPhone.Deploy.0 = Release|Any CPU
		{28D62439-6769-4C4E-980E-F1C56B250A4D}.Release|iPhoneSimulator.ActiveCfg = Release|Any CPU
		{28D62439-6769-4C4E-980E-F1C56B250A4D}.Release|iPhoneSimulator.Build.0 = Release|Any CPU
		{28D62439-6769-4C4E-980E-F1C56B250A4D}.Release|iPhoneSimulator.Deploy.0 = Release|Any CPU
		{28D62439-6769-4C4E-980E-F1C56B250A4D}.Release|x64.ActiveCfg = Release|Any CPU
		{28D62439-6769-4C4E-980E-F1C56B250A4D}.Release|x64.Build.0 = Release|Any CPU
		{28D62439-6769-4C4E-980E-F1C56B250A4D}.Release|x64.Deploy.0 = Release|Any CPU
		{28D62439-6769-4C4E-980E-F1C56B250A4D}.Release|x86.ActiveCfg = Release|Any CPU
		{28D62439-6769-4C4E-980E-F1C56B250A4D}.Release|x86.Build.0 = Release|Any CPU
		{28D62439-6769-4C4E-980E-F1C56B250A4D}.Release|x86.Deploy.0 = Release|Any CPU
	EndGlobalSection
	GlobalSection(SolutionProperties) = preSolution
		HideSolutionNode = FALSE
	EndGlobalSection
	GlobalSection(ExtensibilityGlobals) = postSolution
		SolutionGuid = {64ACBE95-72ED-4785-86F7-E0C2667B7707}
	EndGlobalSection
EndGlobal
